
Microsoft Visual Studio Solution File, Format Version 12.00
# Visual Studio 2012
Project("{FAE04EC0-301F-11D3-BF4B-00C04F79EFBC}") = "KyivMap", "KyivMap\KyivMap.csproj", "{2EFB6593-C4BE-4461-8DAD-C9648B9FA6E6}"
EndProject
Project("{FAE04EC0-301F-11D3-BF4B-00C04F79EFBC}") = "TSFramework", "..\TSFramework\TSFramework\TSFramework.csproj", "{C89F06A9-6677-4B17-8836-B6EEB169D2E3}"
EndProject
Global
	GlobalSection(SolutionConfigurationPlatforms) = preSolution
		Debug|Any CPU = Debug|Any CPU
		Release|Any CPU = Release|Any CPU
	EndGlobalSection
	GlobalSection(ProjectConfigurationPlatforms) = postSolution
		{2EFB6593-C4BE-4461-8DAD-C9648B9FA6E6}.Debug|Any CPU.ActiveCfg = Debug|Any CPU
		{2EFB6593-C4BE-4461-8DAD-C9648B9FA6E6}.Debug|Any CPU.Build.0 = Debug|Any CPU
		{2EFB6593-C4BE-4461-8DAD-C9648B9FA6E6}.Release|Any CPU.ActiveCfg = Release|Any CPU
		{2EFB6593-C4BE-4461-8DAD-C9648B9FA6E6}.Release|Any CPU.Build.0 = Release|Any CPU
		{C89F06A9-6677-4B17-8836-B6EEB169D2E3}.Debug|Any CPU.ActiveCfg = Debug|Any CPU
		{C89F06A9-6677-4B17-8836-B6EEB169D2E3}.Debug|Any CPU.Build.0 = Debug|Any CPU
		{C89F06A9-6677-4B17-8836-B6EEB169D2E3}.Release|Any CPU.ActiveCfg = Release|Any CPU
		{C89F06A9-6677-4B17-8836-B6EEB169D2E3}.Release|Any CPU.Build.0 = Release|Any CPU
	EndGlobalSection
	GlobalSection(SolutionProperties) = preSolution
		HideSolutionNode = FALSE
	EndGlobalSection
EndGlobal
